
Microsoft Visual Studio Solution File, Format Version 12.00
# Visual Studio 14
VisualStudioVersion = 14.0.24720.0
MinimumVisualStudioVersion = 10.0.40219.1
Project("{FAE04EC0-301F-11D3-BF4B-00C04F79EFBC}") = "SimpleCollage", "SimpleCollage\SimpleCollage.csproj", "{0F2DCB47-6C21-4EBE-A15D-AC3C1F9AA8C0}"
EndProject
Project("{FAE04EC0-301F-11D3-BF4B-00C04F79EFBC}") = "CollageTester", "CollageTester\CollageTester.csproj", "{FEC7BE08-1B75-4DF8-BDFB-E75B3DC60A0A}"
EndProject
Global
	GlobalSection(SolutionConfigurationPlatforms) = preSolution
		Debug|Any CPU = Debug|Any CPU
		Release|Any CPU = Release|Any CPU
	EndGlobalSection
	GlobalSection(ProjectConfigurationPlatforms) = postSolution
		{0F2DCB47-6C21-4EBE-A15D-AC3C1F9AA8C0}.Debug|Any CPU.ActiveCfg = Debug|Any CPU
		{0F2DCB47-6C21-4EBE-A15D-AC3C1F9AA8C0}.Debug|Any CPU.Build.0 = Debug|Any CPU
		{0F2DCB47-6C21-4EBE-A15D-AC3C1F9AA8C0}.Release|Any CPU.ActiveCfg = Release|Any CPU
		{0F2DCB47-6C21-4EBE-A15D-AC3C1F9AA8C0}.Release|Any CPU.Build.0 = Release|Any CPU
		{FEC7BE08-1B75-4DF8-BDFB-E75B3DC60A0A}.Debug|Any CPU.ActiveCfg = Debug|Any CPU
		{FEC7BE08-1B75-4DF8-BDFB-E75B3DC60A0A}.Debug|Any CPU.Build.0 = Debug|Any CPU
		{FEC7BE08-1B75-4DF8-BDFB-E75B3DC60A0A}.Release|Any CPU.ActiveCfg = Release|Any CPU
		{FEC7BE08-1B75-4DF8-BDFB-E75B3DC60A0A}.Release|Any CPU.Build.0 = Release|Any CPU
	EndGlobalSection
	GlobalSection(SolutionProperties) = preSolution
		HideSolutionNode = FALSE
	EndGlobalSection
EndGlobal
